
Microsoft Visual Studio Solution File, Format Version 12.00
# Visual Studio Version 16
VisualStudioVersion = 16.0.29102.190
MinimumVisualStudioVersion = 10.0.40219.1
Project("{9A19103F-16F7-4668-BE54-9A1E7A4F7556}") = "Attempt2", "Attempt2\Attempt2.csproj", "{6BA996C7-BC4F-4049-9AA6-58D2660E6C0F}"
EndProject
Project("{9A19103F-16F7-4668-BE54-9A1E7A4F7556}") = "Attempt3", "Attempt3\Attempt3.csproj", "{7F9C6E04-08CC-41CE-9C53-9359DF5CE94F}"
EndProject
Project("{9A19103F-16F7-4668-BE54-9A1E7A4F7556}") = "Attempt4", "Attempt4\Attempt4.csproj", "{372FBD1C-6595-4E2C-81D7-46141C1D8C9C}"
EndProject
Project("{9A19103F-16F7-4668-BE54-9A1E7A4F7556}") = "Attempt5", "Attempt5\Attempt5.csproj", "{A6B70F3B-6E17-4F8F-8349-9B1ED09BAF17}"
EndProject
Project("{9A19103F-16F7-4668-BE54-9A1E7A4F7556}") = "Attempt6", "Attempt6\Attempt6.csproj", "{CB3032CD-5D0F-48C8-B428-A8E9E5C4DF7F}"
EndProject
Project("{9A19103F-16F7-4668-BE54-9A1E7A4F7556}") = "Attempt7", "Attempt7\Attempt7.csproj", "{6D228AD6-94EA-4C85-B140-CF32E0D79BF4}"
EndProject
Project("{9A19103F-16F7-4668-BE54-9A1E7A4F7556}") = "Attempt8", "Attempt8\Attempt8.csproj", "{008E6798-73C7-4123-A525-B6F4945D7789}"
EndProject
Project("{9A19103F-16F7-4668-BE54-9A1E7A4F7556}") = "Attempt9", "Attempt9\Attempt9.csproj", "{770A49FD-5265-4BE2-8F18-45F4D860569B}"
EndProject
Project("{8BC9CEB8-8B4A-11D0-8D11-00A0C91BC942}") = "CTesting", "CTesting\CTesting.vcxproj", "{64D304AA-F417-48FE-81D8-81ADD393438F}"
EndProject
Project("{9A19103F-16F7-4668-BE54-9A1E7A4F7556}") = "Attempt10", "Attempt10\Attempt10.csproj", "{EDF94BB7-26AD-419A-9D7F-ECDB8EF71D39}"
EndProject
Project("{9A19103F-16F7-4668-BE54-9A1E7A4F7556}") = "Attempt11", "Attempt11\Attempt11.csproj", "{B5EE1398-686A-40FC-B01C-3F20E41FF19D}"
EndProject
Project("{9A19103F-16F7-4668-BE54-9A1E7A4F7556}") = "Attempt12", "Attempt12\Attempt12.csproj", "{7CDA49A3-8B8B-48D0-9F39-4D973C74482B}"
EndProject
Project("{9A19103F-16F7-4668-BE54-9A1E7A4F7556}") = "Attempt13", "Attempt13\Attempt13.csproj", "{FACA3B77-1AA2-41F8-BA2B-79162078F85C}"
EndProject
Project("{9A19103F-16F7-4668-BE54-9A1E7A4F7556}") = "Attempt14", "Attempt14\Attempt14.csproj", "{24D1D4C6-2B11-405A-903A-42B26BA3525C}"
EndProject
Project("{9A19103F-16F7-4668-BE54-9A1E7A4F7556}") = "Attempt15", "Attempt15\Attempt15.csproj", "{F265BB43-6915-4734-A726-5378D8AD8C10}"
EndProject
Project("{9A19103F-16F7-4668-BE54-9A1E7A4F7556}") = "Attempt16", "Attempt16\Attempt16.csproj", "{33348FF7-BE2F-42F7-BBA6-05E60F3C6810}"
EndProject
Project("{9A19103F-16F7-4668-BE54-9A1E7A4F7556}") = "Attempt17", "Attempt17\Attempt17.csproj", "{7354E56A-8B6A-4D83-A1AE-B4C4E0A4C32D}"
EndProject
Project("{9A19103F-16F7-4668-BE54-9A1E7A4F7556}") = "Attempt18", "Attempt18\Attempt18.csproj", "{5E8AE746-430A-4BFE-B0FF-5CE83301825D}"
EndProject
Global
	GlobalSection(SolutionConfigurationPlatforms) = preSolution
		Debug|Any CPU = Debug|Any CPU
		Debug|x64 = Debug|x64
		Debug|x86 = Debug|x86
		Release|Any CPU = Release|Any CPU
		Release|x64 = Release|x64
		Release|x86 = Release|x86
	EndGlobalSection
	GlobalSection(ProjectConfigurationPlatforms) = postSolution
		{6BA996C7-BC4F-4049-9AA6-58D2660E6C0F}.Debug|Any CPU.ActiveCfg = Debug|Any CPU
		{6BA996C7-BC4F-4049-9AA6-58D2660E6C0F}.Debug|Any CPU.Build.0 = Debug|Any CPU
		{6BA996C7-BC4F-4049-9AA6-58D2660E6C0F}.Debug|x64.ActiveCfg = Debug|Any CPU
		{6BA996C7-BC4F-4049-9AA6-58D2660E6C0F}.Debug|x64.Build.0 = Debug|Any CPU
		{6BA996C7-BC4F-4049-9AA6-58D2660E6C0F}.Debug|x86.ActiveCfg = Debug|Any CPU
		{6BA996C7-BC4F-4049-9AA6-58D2660E6C0F}.Debug|x86.Build.0 = Debug|Any CPU
		{6BA996C7-BC4F-4049-9AA6-58D2660E6C0F}.Release|Any CPU.ActiveCfg = Release|Any CPU
		{6BA996C7-BC4F-4049-9AA6-58D2660E6C0F}.Release|Any CPU.Build.0 = Release|Any CPU
		{6BA996C7-BC4F-4049-9AA6-58D2660E6C0F}.Release|x64.ActiveCfg = Release|Any CPU
		{6BA996C7-BC4F-4049-9AA6-58D2660E6C0F}.Release|x64.Build.0 = Release|Any CPU
		{6BA996C7-BC4F-4049-9AA6-58D2660E6C0F}.Release|x86.ActiveCfg = Release|Any CPU
		{6BA996C7-BC4F-4049-9AA6-58D2660E6C0F}.Release|x86.Build.0 = Release|Any CPU
		{7F9C6E04-08CC-41CE-9C53-9359DF5CE94F}.Debug|Any CPU.ActiveCfg = Debug|Any CPU
		{7F9C6E04-08CC-41CE-9C53-9359DF5CE94F}.Debug|Any CPU.Build.0 = Debug|Any CPU
		{7F9C6E04-08CC-41CE-9C53-9359DF5CE94F}.Debug|x64.ActiveCfg = Debug|Any CPU
		{7F9C6E04-08CC-41CE-9C53-9359DF5CE94F}.Debug|x64.Build.0 = Debug|Any CPU
		{7F9C6E04-08CC-41CE-9C53-9359DF5CE94F}.Debug|x86.ActiveCfg = Debug|Any CPU
		{7F9C6E04-08CC-41CE-9C53-9359DF5CE94F}.Debug|x86.Build.0 = Debug|Any CPU
		{7F9C6E04-08CC-41CE-9C53-9359DF5CE94F}.Release|Any CPU.ActiveCfg = Release|Any CPU
		{7F9C6E04-08CC-41CE-9C53-9359DF5CE94F}.Release|Any CPU.Build.0 = Release|Any CPU
		{7F9C6E04-08CC-41CE-9C53-9359DF5CE94F}.Release|x64.ActiveCfg = Release|Any CPU
		{7F9C6E04-08CC-41CE-9C53-9359DF5CE94F}.Release|x64.Build.0 = Release|Any CPU
		{7F9C6E04-08CC-41CE-9C53-9359DF5CE94F}.Release|x86.ActiveCfg = Release|Any CPU
		{7F9C6E04-08CC-41CE-9C53-9359DF5CE94F}.Release|x86.Build.0 = Release|Any CPU
		{372FBD1C-6595-4E2C-81D7-46141C1D8C9C}.Debug|Any CPU.ActiveCfg = Debug|Any CPU
		{372FBD1C-6595-4E2C-81D7-46141C1D8C9C}.Debug|Any CPU.Build.0 = Debug|Any CPU
		{372FBD1C-6595-4E2C-81D7-46141C1D8C9C}.Debug|x64.ActiveCfg = Debug|Any CPU
		{372FBD1C-6595-4E2C-81D7-46141C1D8C9C}.Debug|x64.Build.0 = Debug|Any CPU
		{372FBD1C-6595-4E2C-81D7-46141C1D8C9C}.Debug|x86.ActiveCfg = Debug|Any CPU
		{372FBD1C-6595-4E2C-81D7-46141C1D8C9C}.Debug|x86.Build.0 = Debug|Any CPU
		{372FBD1C-6595-4E2C-81D7-46141C1D8C9C}.Release|Any CPU.ActiveCfg = Release|Any CPU
		{372FBD1C-6595-4E2C-81D7-46141C1D8C9C}.Release|Any CPU.Build.0 = Release|Any CPU
		{372FBD1C-6595-4E2C-81D7-46141C1D8C9C}.Release|x64.ActiveCfg = Release|Any CPU
		{372FBD1C-6595-4E2C-81D7-46141C1D8C9C}.Release|x64.Build.0 = Release|Any CPU
		{372FBD1C-6595-4E2C-81D7-46141C1D8C9C}.Release|x86.ActiveCfg = Release|Any CPU
		{372FBD1C-6595-4E2C-81D7-46141C1D8C9C}.Release|x86.Build.0 = Release|Any CPU
		{A6B70F3B-6E17-4F8F-8349-9B1ED09BAF17}.Debug|Any CPU.ActiveCfg = Debug|Any CPU
		{A6B70F3B-6E17-4F8F-8349-9B1ED09BAF17}.Debug|Any CPU.Build.0 = Debug|Any CPU
		{A6B70F3B-6E17-4F8F-8349-9B1ED09BAF17}.Debug|x64.ActiveCfg = Debug|Any CPU
		{A6B70F3B-6E17-4F8F-8349-9B1ED09BAF17}.Debug|x64.Build.0 = Debug|Any CPU
		{A6B70F3B-6E17-4F8F-8349-9B1ED09BAF17}.Debug|x86.ActiveCfg = Debug|Any CPU
		{A6B70F3B-6E17-4F8F-8349-9B1ED09BAF17}.Debug|x86.Build.0 = Debug|Any CPU
		{A6B70F3B-6E17-4F8F-8349-9B1ED09BAF17}.Release|Any CPU.ActiveCfg = Release|Any CPU
		{A6B70F3B-6E17-4F8F-8349-9B1ED09BAF17}.Release|Any CPU.Build.0 = Release|Any CPU
		{A6B70F3B-6E17-4F8F-8349-9B1ED09BAF17}.Release|x64.ActiveCfg = Release|Any CPU
		{A6B70F3B-6E17-4F8F-8349-9B1ED09BAF17}.Release|x64.Build.0 = Release|Any CPU
		{A6B70F3B-6E17-4F8F-8349-9B1ED09BAF17}.Release|x86.ActiveCfg = Release|Any CPU
		{A6B70F3B-6E17-4F8F-8349-9B1ED09BAF17}.Release|x86.Build.0 = Release|Any CPU
		{CB3032CD-5D0F-48C8-B428-A8E9E5C4DF7F}.Debug|Any CPU.ActiveCfg = Debug|Any CPU
		{CB3032CD-5D0F-48C8-B428-A8E9E5C4DF7F}.Debug|Any CPU.Build.0 = Debug|Any CPU
		{CB3032CD-5D0F-48C8-B428-A8E9E5C4DF7F}.Debug|x64.ActiveCfg = Debug|Any CPU
		{CB3032CD-5D0F-48C8-B428-A8E9E5C4DF7F}.Debug|x64.Build.0 = Debug|Any CPU
		{CB3032CD-5D0F-48C8-B428-A8E9E5C4DF7F}.Debug|x86.ActiveCfg = Debug|Any CPU
		{CB3032CD-5D0F-48C8-B428-A8E9E5C4DF7F}.Debug|x86.Build.0 = Debug|Any CPU
		{CB3032CD-5D0F-48C8-B428-A8E9E5C4DF7F}.Release|Any CPU.ActiveCfg = Release|Any CPU
		{CB3032CD-5D0F-48C8-B428-A8E9E5C4DF7F}.Release|Any CPU.Build.0 = Release|Any CPU
		{CB3032CD-5D0F-48C8-B428-A8E9E5C4DF7F}.Release|x64.ActiveCfg = Release|Any CPU
		{CB3032CD-5D0F-48C8-B428-A8E9E5C4DF7F}.Release|x64.Build.0 = Release|Any CPU
		{CB3032CD-5D0F-48C8-B428-A8E9E5C4DF7F}.Release|x86.ActiveCfg = Release|Any CPU
		{CB3032CD-5D0F-48C8-B428-A8E9E5C4DF7F}.Release|x86.Build.0 = Release|Any CPU
		{6D228AD6-94EA-4C85-B140-CF32E0D79BF4}.Debug|Any CPU.ActiveCfg = Debug|Any CPU
		{6D228AD6-94EA-4C85-B140-CF32E0D79BF4}.Debug|Any CPU.Build.0 = Debug|Any CPU
		{6D228AD6-94EA-4C85-B140-CF32E0D79BF4}.Debug|x64.ActiveCfg = Debug|Any CPU
		{6D228AD6-94EA-4C85-B140-CF32E0D79BF4}.Debug|x64.Build.0 = Debug|Any CPU
		{6D228AD6-94EA-4C85-B140-CF32E0D79BF4}.Debug|x86.ActiveCfg = Debug|Any CPU
		{6D228AD6-94EA-4C85-B140-CF32E0D79BF4}.Debug|x86.Build.0 = Debug|Any CPU
		{6D228AD6-94EA-4C85-B140-CF32E0D79BF4}.Release|Any CPU.ActiveCfg = Release|Any CPU
		{6D228AD6-94EA-4C85-B140-CF32E0D79BF4}.Release|Any CPU.Build.0 = Release|Any CPU
		{6D228AD6-94EA-4C85-B140-CF32E0D79BF4}.Release|x64.ActiveCfg = Release|Any CPU
		{6D228AD6-94EA-4C85-B140-CF32E0D79BF4}.Release|x64.Build.0 = Release|Any CPU
		{6D228AD6-94EA-4C85-B140-CF32E0D79BF4}.Release|x86.ActiveCfg = Release|Any CPU
		{6D228AD6-94EA-4C85-B140-CF32E0D79BF4}.Release|x86.Build.0 = Release|Any CPU
		{008E6798-73C7-4123-A525-B6F4945D7789}.Debug|Any CPU.ActiveCfg = Debug|Any CPU
		{008E6798-73C7-4123-A525-B6F4945D7789}.Debug|Any CPU.Build.0 = Debug|Any CPU
		{008E6798-73C7-4123-A525-B6F4945D7789}.Debug|x64.ActiveCfg = Debug|Any CPU
		{008E6798-73C7-4123-A525-B6F4945D7789}.Debug|x64.Build.0 = Debug|Any CPU
		{008E6798-73C7-4123-A525-B6F4945D7789}.Debug|x86.ActiveCfg = Debug|Any CPU
		{008E6798-73C7-4123-A525-B6F4945D7789}.Debug|x86.Build.0 = Debug|Any CPU
		{008E6798-73C7-4123-A525-B6F4945D7789}.Release|Any CPU.ActiveCfg = Release|Any CPU
		{008E6798-73C7-4123-A525-B6F4945D7789}.Release|Any CPU.Build.0 = Release|Any CPU
		{008E6798-73C7-4123-A525-B6F4945D7789}.Release|x64.ActiveCfg = Release|Any CPU
		{008E6798-73C7-4123-A525-B6F4945D7789}.Release|x64.Build.0 = Release|Any CPU
		{008E6798-73C7-4123-A525-B6F4945D7789}.Release|x86.ActiveCfg = Release|Any CPU
		{008E6798-73C7-4123-A525-B6F4945D7789}.Release|x86.Build.0 = Release|Any CPU
		{770A49FD-5265-4BE2-8F18-45F4D860569B}.Debug|Any CPU.ActiveCfg = Debug|Any CPU
		{770A49FD-5265-4BE2-8F18-45F4D860569B}.Debug|Any CPU.Build.0 = Debug|Any CPU
		{770A49FD-5265-4BE2-8F18-45F4D860569B}.Debug|x64.ActiveCfg = Debug|Any CPU
		{770A49FD-5265-4BE2-8F18-45F4D860569B}.Debug|x64.Build.0 = Debug|Any CPU
		{770A49FD-5265-4BE2-8F18-45F4D860569B}.Debug|x86.ActiveCfg = Debug|Any CPU
		{770A49FD-5265-4BE2-8F18-45F4D860569B}.Debug|x86.Build.0 = Debug|Any CPU
		{770A49FD-5265-4BE2-8F18-45F4D860569B}.Release|Any CPU.ActiveCfg = Release|Any CPU
		{770A49FD-5265-4BE2-8F18-45F4D860569B}.Release|Any CPU.Build.0 = Release|Any CPU
		{770A49FD-5265-4BE2-8F18-45F4D860569B}.Release|x64.ActiveCfg = Release|Any CPU
		{770A49FD-5265-4BE2-8F18-45F4D860569B}.Release|x64.Build.0 = Release|Any CPU
		{770A49FD-5265-4BE2-8F18-45F4D860569B}.Release|x86.ActiveCfg = Release|Any CPU
		{770A49FD-5265-4BE2-8F18-45F4D860569B}.Release|x86.Build.0 = Release|Any CPU
		{64D304AA-F417-48FE-81D8-81ADD393438F}.Debug|Any CPU.ActiveCfg = Debug|Win32
		{64D304AA-F417-48FE-81D8-81ADD393438F}.Debug|x64.ActiveCfg = Debug|x64
		{64D304AA-F417-48FE-81D8-81ADD393438F}.Debug|x64.Build.0 = Debug|x64
		{64D304AA-F417-48FE-81D8-81ADD393438F}.Debug|x86.ActiveCfg = Debug|Win32
		{64D304AA-F417-48FE-81D8-81ADD393438F}.Debug|x86.Build.0 = Debug|Win32
		{64D304AA-F417-48FE-81D8-81ADD393438F}.Release|Any CPU.ActiveCfg = Release|Win32
		{64D304AA-F417-48FE-81D8-81ADD393438F}.Release|x64.ActiveCfg = Release|x64
		{64D304AA-F417-48FE-81D8-81ADD393438F}.Release|x64.Build.0 = Release|x64
		{64D304AA-F417-48FE-81D8-81ADD393438F}.Release|x86.ActiveCfg = Release|Win32
		{64D304AA-F417-48FE-81D8-81ADD393438F}.Release|x86.Build.0 = Release|Win32
		{EDF94BB7-26AD-419A-9D7F-ECDB8EF71D39}.Debug|Any CPU.ActiveCfg = Debug|Any CPU
		{EDF94BB7-26AD-419A-9D7F-ECDB8EF71D39}.Debug|Any CPU.Build.0 = Debug|Any CPU
		{EDF94BB7-26AD-419A-9D7F-ECDB8EF71D39}.Debug|x64.ActiveCfg = Debug|Any CPU
		{EDF94BB7-26AD-419A-9D7F-ECDB8EF71D39}.Debug|x64.Build.0 = Debug|Any CPU
		{EDF94BB7-26AD-419A-9D7F-ECDB8EF71D39}.Debug|x86.ActiveCfg = Debug|Any CPU
		{EDF94BB7-26AD-419A-9D7F-ECDB8EF71D39}.Debug|x86.Build.0 = Debug|Any CPU
		{EDF94BB7-26AD-419A-9D7F-ECDB8EF71D39}.Release|Any CPU.ActiveCfg = Release|Any CPU
		{EDF94BB7-26AD-419A-9D7F-ECDB8EF71D39}.Release|Any CPU.Build.0 = Release|Any CPU
		{EDF94BB7-26AD-419A-9D7F-ECDB8EF71D39}.Release|x64.ActiveCfg = Release|Any CPU
		{EDF94BB7-26AD-419A-9D7F-ECDB8EF71D39}.Release|x64.Build.0 = Release|Any CPU
		{EDF94BB7-26AD-419A-9D7F-ECDB8EF71D39}.Release|x86.ActiveCfg = Release|Any CPU
		{EDF94BB7-26AD-419A-9D7F-ECDB8EF71D39}.Release|x86.Build.0 = Release|Any CPU
		{B5EE1398-686A-40FC-B01C-3F20E41FF19D}.Debug|Any CPU.ActiveCfg = Debug|Any CPU
		{B5EE1398-686A-40FC-B01C-3F20E41FF19D}.Debug|Any CPU.Build.0 = Debug|Any CPU
		{B5EE1398-686A-40FC-B01C-3F20E41FF19D}.Debug|x64.ActiveCfg = Debug|Any CPU
		{B5EE1398-686A-40FC-B01C-3F20E41FF19D}.Debug|x64.Build.0 = Debug|Any CPU
		{B5EE1398-686A-40FC-B01C-3F20E41FF19D}.Debug|x86.ActiveCfg = Debug|Any CPU
		{B5EE1398-686A-40FC-B01C-3F20E41FF19D}.Debug|x86.Build.0 = Debug|Any CPU
		{B5EE1398-686A-40FC-B01C-3F20E41FF19D}.Release|Any CPU.ActiveCfg = Release|Any CPU
		{B5EE1398-686A-40FC-B01C-3F20E41FF19D}.Release|Any CPU.Build.0 = Release|Any CPU
		{B5EE1398-686A-40FC-B01C-3F20E41FF19D}.Release|x64.ActiveCfg = Release|Any CPU
		{B5EE1398-686A-40FC-B01C-3F20E41FF19D}.Release|x64.Build.0 = Release|Any CPU
		{B5EE1398-686A-40FC-B01C-3F20E41FF19D}.Release|x86.ActiveCfg = Release|Any CPU
		{B5EE1398-686A-40FC-B01C-3F20E41FF19D}.Release|x86.Build.0 = Release|Any CPU
		{7CDA49A3-8B8B-48D0-9F39-4D973C74482B}.Debug|Any CPU.ActiveCfg = Debug|Any CPU
		{7CDA49A3-8B8B-48D0-9F39-4D973C74482B}.Debug|Any CPU.Build.0 = Debug|Any CPU
		{7CDA49A3-8B8B-48D0-9F39-4D973C74482B}.Debug|x64.ActiveCfg = Debug|Any CPU
		{7CDA49A3-8B8B-48D0-9F39-4D973C74482B}.Debug|x64.Build.0 = Debug|Any CPU
		{7CDA49A3-8B8B-48D0-9F39-4D973C74482B}.Debug|x86.ActiveCfg = Debug|Any CPU
		{7CDA49A3-8B8B-48D0-9F39-4D973C74482B}.Debug|x86.Build.0 = Debug|Any CPU
		{7CDA49A3-8B8B-48D0-9F39-4D973C74482B}.Release|Any CPU.ActiveCfg = Release|Any CPU
		{7CDA49A3-8B8B-48D0-9F39-4D973C74482B}.Release|Any CPU.Build.0 = Release|Any CPU
		{7CDA49A3-8B8B-48D0-9F39-4D973C74482B}.Release|x64.ActiveCfg = Release|Any CPU
		{7CDA49A3-8B8B-48D0-9F39-4D973C74482B}.Release|x64.Build.0 = Release|Any CPU
		{7CDA49A3-8B8B-48D0-9F39-4D973C74482B}.Release|x86.ActiveCfg = Release|Any CPU
		{7CDA49A3-8B8B-48D0-9F39-4D973C74482B}.Release|x86.Build.0 = Release|Any CPU
		{FACA3B77-1AA2-41F8-BA2B-79162078F85C}.Debug|Any CPU.ActiveCfg = Debug|Any CPU
		{FACA3B77-1AA2-41F8-BA2B-79162078F85C}.Debug|Any CPU.Build.0 = Debug|Any CPU
		{FACA3B77-1AA2-41F8-BA2B-79162078F85C}.Debug|x64.ActiveCfg = Debug|Any CPU
		{FACA3B77-1AA2-41F8-BA2B-79162078F85C}.Debug|x64.Build.0 = Debug|Any CPU
		{FACA3B77-1AA2-41F8-BA2B-79162078F85C}.Debug|x86.ActiveCfg = Debug|Any CPU
		{FACA3B77-1AA2-41F8-BA2B-79162078F85C}.Debug|x86.Build.0 = Debug|Any CPU
		{FACA3B77-1AA2-41F8-BA2B-79162078F85C}.Release|Any CPU.ActiveCfg = Release|Any CPU
		{FACA3B77-1AA2-41F8-BA2B-79162078F85C}.Release|Any CPU.Build.0 = Release|Any CPU
		{FACA3B77-1AA2-41F8-BA2B-79162078F85C}.Release|x64.ActiveCfg = Release|Any CPU
		{FACA3B77-1AA2-41F8-BA2B-79162078F85C}.Release|x64.Build.0 = Release|Any CPU
		{FACA3B77-1AA2-41F8-BA2B-79162078F85C}.Release|x86.ActiveCfg = Release|Any CPU
		{FACA3B77-1AA2-41F8-BA2B-79162078F85C}.Release|x86.Build.0 = Release|Any CPU
		{24D1D4C6-2B11-405A-903A-42B26BA3525C}.Debug|Any CPU.ActiveCfg = Debug|Any CPU
		{24D1D4C6-2B11-405A-903A-42B26BA3525C}.Debug|Any CPU.Build.0 = Debug|Any CPU
		{24D1D4C6-2B11-405A-903A-42B26BA3525C}.Debug|x64.ActiveCfg = Debug|Any CPU
		{24D1D4C6-2B11-405A-903A-42B26BA3525C}.Debug|x64.Build.0 = Debug|Any CPU
		{24D1D4C6-2B11-405A-903A-42B26BA3525C}.Debug|x86.ActiveCfg = Debug|Any CPU
		{24D1D4C6-2B11-405A-903A-42B26BA3525C}.Debug|x86.Build.0 = Debug|Any CPU
		{24D1D4C6-2B11-405A-903A-42B26BA3525C}.Release|Any CPU.ActiveCfg = Release|Any CPU
		{24D1D4C6-2B11-405A-903A-42B26BA3525C}.Release|Any CPU.Build.0 = Release|Any CPU
		{24D1D4C6-2B11-405A-903A-42B26BA3525C}.Release|x64.ActiveCfg = Release|Any CPU
		{24D1D4C6-2B11-405A-903A-42B26BA3525C}.Release|x64.Build.0 = Release|Any CPU
		{24D1D4C6-2B11-405A-903A-42B26BA3525C}.Release|x86.ActiveCfg = Release|Any CPU
		{24D1D4C6-2B11-405A-903A-42B26BA3525C}.Release|x86.Build.0 = Release|Any CPU
		{F265BB43-6915-4734-A726-5378D8AD8C10}.Debug|Any CPU.ActiveCfg = Debug|Any CPU
		{F265BB43-6915-4734-A726-5378D8AD8C10}.Debug|Any CPU.Build.0 = Debug|Any CPU
		{F265BB43-6915-4734-A726-5378D8AD8C10}.Debug|x64.ActiveCfg = Debug|Any CPU
		{F265BB43-6915-4734-A726-5378D8AD8C10}.Debug|x64.Build.0 = Debug|Any CPU
		{F265BB43-6915-4734-A726-5378D8AD8C10}.Debug|x86.ActiveCfg = Debug|Any CPU
		{F265BB43-6915-4734-A726-5378D8AD8C10}.Debug|x86.Build.0 = Debug|Any CPU
		{F265BB43-6915-4734-A726-5378D8AD8C10}.Release|Any CPU.ActiveCfg = Release|Any CPU
		{F265BB43-6915-4734-A726-5378D8AD8C10}.Release|Any CPU.Build.0 = Release|Any CPU
		{F265BB43-6915-4734-A726-5378D8AD8C10}.Release|x64.ActiveCfg = Release|Any CPU
		{F265BB43-6915-4734-A726-5378D8AD8C10}.Release|x64.Build.0 = Release|Any CPU
		{F265BB43-6915-4734-A726-5378D8AD8C10}.Release|x86.ActiveCfg = Release|Any CPU
		{F265BB43-6915-4734-A726-5378D8AD8C10}.Release|x86.Build.0 = Release|Any CPU
		{33348FF7-BE2F-42F7-BBA6-05E60F3C6810}.Debug|Any CPU.ActiveCfg = Debug|Any CPU
		{33348FF7-BE2F-42F7-BBA6-05E60F3C6810}.Debug|Any CPU.Build.0 = Debug|Any CPU
		{33348FF7-BE2F-42F7-BBA6-05E60F3C6810}.Debug|x64.ActiveCfg = Debug|Any CPU
		{33348FF7-BE2F-42F7-BBA6-05E60F3C6810}.Debug|x64.Build.0 = Debug|Any CPU
		{33348FF7-BE2F-42F7-BBA6-05E60F3C6810}.Debug|x86.ActiveCfg = Debug|Any CPU
		{33348FF7-BE2F-42F7-BBA6-05E60F3C6810}.Debug|x86.Build.0 = Debug|Any CPU
		{33348FF7-BE2F-42F7-BBA6-05E60F3C6810}.Release|Any CPU.ActiveCfg = Release|Any CPU
		{33348FF7-BE2F-42F7-BBA6-05E60F3C6810}.Release|Any CPU.Build.0 = Release|Any CPU
		{33348FF7-BE2F-42F7-BBA6-05E60F3C6810}.Release|x64.ActiveCfg = Release|Any CPU
		{33348FF7-BE2F-42F7-BBA6-05E60F3C6810}.Release|x64.Build.0 = Release|Any CPU
		{33348FF7-BE2F-42F7-BBA6-05E60F3C6810}.Release|x86.ActiveCfg = Release|Any CPU
		{33348FF7-BE2F-42F7-BBA6-05E60F3C6810}.Release|x86.Build.0 = Release|Any CPU
		{7354E56A-8B6A-4D83-A1AE-B4C4E0A4C32D}.Debug|Any CPU.ActiveCfg = Debug|Any CPU
		{7354E56A-8B6A-4D83-A1AE-B4C4E0A4C32D}.Debug|Any CPU.Build.0 = Debug|Any CPU
		{7354E56A-8B6A-4D83-A1AE-B4C4E0A4C32D}.Debug|x64.ActiveCfg = Debug|Any CPU
		{7354E56A-8B6A-4D83-A1AE-B4C4E0A4C32D}.Debug|x64.Build.0 = Debug|Any CPU
		{7354E56A-8B6A-4D83-A1AE-B4C4E0A4C32D}.Debug|x86.ActiveCfg = Debug|Any CPU
		{7354E56A-8B6A-4D83-A1AE-B4C4E0A4C32D}.Debug|x86.Build.0 = Debug|Any CPU
		{7354E56A-8B6A-4D83-A1AE-B4C4E0A4C32D}.Release|Any CPU.ActiveCfg = Release|Any CPU
		{7354E56A-8B6A-4D83-A1AE-B4C4E0A4C32D}.Release|Any CPU.Build.0 = Release|Any CPU
		{7354E56A-8B6A-4D83-A1AE-B4C4E0A4C32D}.Release|x64.ActiveCfg = Release|Any CPU
		{7354E56A-8B6A-4D83-A1AE-B4C4E0A4C32D}.Release|x64.Build.0 = Release|Any CPU
		{7354E56A-8B6A-4D83-A1AE-B4C4E0A4C32D}.Release|x86.ActiveCfg = Release|Any CPU
		{7354E56A-8B6A-4D83-A1AE-B4C4E0A4C32D}.Release|x86.Build.0 = Release|Any CPU
		{5E8AE746-430A-4BFE-B0FF-5CE83301825D}.Debug|Any CPU.ActiveCfg = Debug|Any CPU
		{5E8AE746-430A-4BFE-B0FF-5CE83301825D}.Debug|Any CPU.Build.0 = Debug|Any CPU
		{5E8AE746-430A-4BFE-B0FF-5CE83301825D}.Debug|x64.ActiveCfg = Debug|Any CPU
		{5E8AE746-430A-4BFE-B0FF-5CE83301825D}.Debug|x64.Build.0 = Debug|Any CPU
		{5E8AE746-430A-4BFE-B0FF-5CE83301825D}.Debug|x86.ActiveCfg = Debug|Any CPU
		{5E8AE746-430A-4BFE-B0FF-5CE83301825D}.Debug|x86.Build.0 = Debug|Any CPU
		{5E8AE746-430A-4BFE-B0FF-5CE83301825D}.Release|Any CPU.ActiveCfg = Release|Any CPU
		{5E8AE746-430A-4BFE-B0FF-5CE83301825D}.Release|Any CPU.Build.0 = Release|Any CPU
		{5E8AE746-430A-4BFE-B0FF-5CE83301825D}.Release|x64.ActiveCfg = Release|Any CPU
		{5E8AE746-430A-4BFE-B0FF-5CE83301825D}.Release|x64.Build.0 = Release|Any CPU
		{5E8AE746-430A-4BFE-B0FF-5CE83301825D}.Release|x86.ActiveCfg = Release|Any CPU
		{5E8AE746-430A-4BFE-B0FF-5CE83301825D}.Release|x86.Build.0 = Release|Any CPU
	EndGlobalSection
	GlobalSection(SolutionProperties) = preSolution
		HideSolutionNode = FALSE
	EndGlobalSection
	GlobalSection(ExtensibilityGlobals) = postSolution
		SolutionGuid = {3AF9B442-F3F9-4499-8B4B-76D9DB7C9583}
	EndGlobalSection
EndGlobal
