Microsoft Visual Studio Solution File, Format Version 12.00
# Visual Studio Version 17
VisualStudioVersion = 17.3.32929.385
MinimumVisualStudioVersion = 10.0.40219.1
Project("{2150E333-8FDC-42A3-9474-1A3956D46DE8}") = "resources", "resources", "{57F1B73D-1D27-4C39-9B72-7F8593865AFE}"
	ProjectSection(SolutionItems) = preProject
		resources\Helix.h = resources\Helix.h
		resources\helix.tmLanguage = resources\helix.tmLanguage
		resources\LineCounter.ps1 = resources\LineCounter.ps1
		resources\MASTER PLAN.txt = resources\MASTER PLAN.txt
		resources\Program.helix = resources\Program.helix
		resources\Scratch.txt = resources\Scratch.txt
		resources\Syntax.iro = resources\Syntax.iro
		resources\TODO.txt = resources\TODO.txt
	EndProjectSection
EndProject
Project("{9A19103F-16F7-4668-BE54-9A1E7A4F7556}") = "helix_tests", "src\helix_tests\helix_tests.csproj", "{0BB628A2-75E0-4766-9695-D03F5DE5F781}"
EndProject
Project("{9A19103F-16F7-4668-BE54-9A1E7A4F7556}") = "helix", "src\helix\helix.csproj", "{B6AEF241-4749-47A2-947E-FF354F59601C}"
EndProject
Project("{9A19103F-16F7-4668-BE54-9A1E7A4F7556}") = "helix.common", "src\helix.common\helix.common.csproj", "{FCC6F434-6864-46AB-B1B8-28C1B60B51E7}"
EndProject
Project("{9A19103F-16F7-4668-BE54-9A1E7A4F7556}") = "helix.front", "src\helix.front\helix.front.csproj", "{F10CD9CE-BA80-4CCC-9889-AA7EC800DCC4}"
EndProject
Project("{FAE04EC0-301F-11D3-BF4B-00C04F79EFBC}") = "helix+new", "src\helix+new\helix+new.csproj", "{6066BB5A-F6A6-4885-BD6C-530C467D4DDE}"
EndProject
Project("{FAE04EC0-301F-11D3-BF4B-00C04F79EFBC}") = "helix.middle", "src\helix.middle\helix.middle.csproj", "{00DDAD89-3076-48C5-94B0-E19DB5B844A0}"
EndProject
Global
	GlobalSection(SolutionConfigurationPlatforms) = preSolution
		Debug|Any CPU = Debug|Any CPU
		Debug|x64 = Debug|x64
		Debug|x86 = Debug|x86
		Release|Any CPU = Release|Any CPU
		Release|x64 = Release|x64
		Release|x86 = Release|x86
	EndGlobalSection
	GlobalSection(ProjectConfigurationPlatforms) = postSolution
		{0BB628A2-75E0-4766-9695-D03F5DE5F781}.Debug|Any CPU.ActiveCfg = Debug|Any CPU
		{0BB628A2-75E0-4766-9695-D03F5DE5F781}.Debug|Any CPU.Build.0 = Debug|Any CPU
		{0BB628A2-75E0-4766-9695-D03F5DE5F781}.Debug|x64.ActiveCfg = Debug|Any CPU
		{0BB628A2-75E0-4766-9695-D03F5DE5F781}.Debug|x64.Build.0 = Debug|Any CPU
		{0BB628A2-75E0-4766-9695-D03F5DE5F781}.Debug|x86.ActiveCfg = Debug|Any CPU
		{0BB628A2-75E0-4766-9695-D03F5DE5F781}.Debug|x86.Build.0 = Debug|Any CPU
		{0BB628A2-75E0-4766-9695-D03F5DE5F781}.Release|Any CPU.ActiveCfg = Release|Any CPU
		{0BB628A2-75E0-4766-9695-D03F5DE5F781}.Release|Any CPU.Build.0 = Release|Any CPU
		{0BB628A2-75E0-4766-9695-D03F5DE5F781}.Release|x64.ActiveCfg = Release|Any CPU
		{0BB628A2-75E0-4766-9695-D03F5DE5F781}.Release|x64.Build.0 = Release|Any CPU
		{0BB628A2-75E0-4766-9695-D03F5DE5F781}.Release|x86.ActiveCfg = Release|Any CPU
		{0BB628A2-75E0-4766-9695-D03F5DE5F781}.Release|x86.Build.0 = Release|Any CPU
		{B6AEF241-4749-47A2-947E-FF354F59601C}.Debug|Any CPU.ActiveCfg = Debug|Any CPU
		{B6AEF241-4749-47A2-947E-FF354F59601C}.Debug|Any CPU.Build.0 = Debug|Any CPU
		{B6AEF241-4749-47A2-947E-FF354F59601C}.Debug|x64.ActiveCfg = Debug|Any CPU
		{B6AEF241-4749-47A2-947E-FF354F59601C}.Debug|x64.Build.0 = Debug|Any CPU
		{B6AEF241-4749-47A2-947E-FF354F59601C}.Debug|x86.ActiveCfg = Debug|Any CPU
		{B6AEF241-4749-47A2-947E-FF354F59601C}.Debug|x86.Build.0 = Debug|Any CPU
		{B6AEF241-4749-47A2-947E-FF354F59601C}.Release|Any CPU.ActiveCfg = Release|Any CPU
		{B6AEF241-4749-47A2-947E-FF354F59601C}.Release|Any CPU.Build.0 = Release|Any CPU
		{B6AEF241-4749-47A2-947E-FF354F59601C}.Release|x64.ActiveCfg = Release|Any CPU
		{B6AEF241-4749-47A2-947E-FF354F59601C}.Release|x64.Build.0 = Release|Any CPU
		{B6AEF241-4749-47A2-947E-FF354F59601C}.Release|x86.ActiveCfg = Release|Any CPU
		{B6AEF241-4749-47A2-947E-FF354F59601C}.Release|x86.Build.0 = Release|Any CPU
		{FCC6F434-6864-46AB-B1B8-28C1B60B51E7}.Debug|Any CPU.ActiveCfg = Debug|Any CPU
		{FCC6F434-6864-46AB-B1B8-28C1B60B51E7}.Debug|Any CPU.Build.0 = Debug|Any CPU
		{FCC6F434-6864-46AB-B1B8-28C1B60B51E7}.Debug|x64.ActiveCfg = Debug|Any CPU
		{FCC6F434-6864-46AB-B1B8-28C1B60B51E7}.Debug|x64.Build.0 = Debug|Any CPU
		{FCC6F434-6864-46AB-B1B8-28C1B60B51E7}.Debug|x86.ActiveCfg = Debug|Any CPU
		{FCC6F434-6864-46AB-B1B8-28C1B60B51E7}.Debug|x86.Build.0 = Debug|Any CPU
		{FCC6F434-6864-46AB-B1B8-28C1B60B51E7}.Release|Any CPU.ActiveCfg = Release|Any CPU
		{FCC6F434-6864-46AB-B1B8-28C1B60B51E7}.Release|Any CPU.Build.0 = Release|Any CPU
		{FCC6F434-6864-46AB-B1B8-28C1B60B51E7}.Release|x64.ActiveCfg = Release|Any CPU
		{FCC6F434-6864-46AB-B1B8-28C1B60B51E7}.Release|x64.Build.0 = Release|Any CPU
		{FCC6F434-6864-46AB-B1B8-28C1B60B51E7}.Release|x86.ActiveCfg = Release|Any CPU
		{FCC6F434-6864-46AB-B1B8-28C1B60B51E7}.Release|x86.Build.0 = Release|Any CPU
		{F10CD9CE-BA80-4CCC-9889-AA7EC800DCC4}.Debug|Any CPU.ActiveCfg = Debug|Any CPU
		{F10CD9CE-BA80-4CCC-9889-AA7EC800DCC4}.Debug|Any CPU.Build.0 = Debug|Any CPU
		{F10CD9CE-BA80-4CCC-9889-AA7EC800DCC4}.Debug|x64.ActiveCfg = Debug|Any CPU
		{F10CD9CE-BA80-4CCC-9889-AA7EC800DCC4}.Debug|x64.Build.0 = Debug|Any CPU
		{F10CD9CE-BA80-4CCC-9889-AA7EC800DCC4}.Debug|x86.ActiveCfg = Debug|Any CPU
		{F10CD9CE-BA80-4CCC-9889-AA7EC800DCC4}.Debug|x86.Build.0 = Debug|Any CPU
		{F10CD9CE-BA80-4CCC-9889-AA7EC800DCC4}.Release|Any CPU.ActiveCfg = Release|Any CPU
		{F10CD9CE-BA80-4CCC-9889-AA7EC800DCC4}.Release|Any CPU.Build.0 = Release|Any CPU
		{F10CD9CE-BA80-4CCC-9889-AA7EC800DCC4}.Release|x64.ActiveCfg = Release|Any CPU
		{F10CD9CE-BA80-4CCC-9889-AA7EC800DCC4}.Release|x64.Build.0 = Release|Any CPU
		{F10CD9CE-BA80-4CCC-9889-AA7EC800DCC4}.Release|x86.ActiveCfg = Release|Any CPU
		{F10CD9CE-BA80-4CCC-9889-AA7EC800DCC4}.Release|x86.Build.0 = Release|Any CPU
		{6066BB5A-F6A6-4885-BD6C-530C467D4DDE}.Debug|Any CPU.ActiveCfg = Debug|Any CPU
		{6066BB5A-F6A6-4885-BD6C-530C467D4DDE}.Debug|Any CPU.Build.0 = Debug|Any CPU
		{6066BB5A-F6A6-4885-BD6C-530C467D4DDE}.Debug|x64.ActiveCfg = Debug|Any CPU
		{6066BB5A-F6A6-4885-BD6C-530C467D4DDE}.Debug|x64.Build.0 = Debug|Any CPU
		{6066BB5A-F6A6-4885-BD6C-530C467D4DDE}.Debug|x86.ActiveCfg = Debug|Any CPU
		{6066BB5A-F6A6-4885-BD6C-530C467D4DDE}.Debug|x86.Build.0 = Debug|Any CPU
		{6066BB5A-F6A6-4885-BD6C-530C467D4DDE}.Release|Any CPU.ActiveCfg = Release|Any CPU
		{6066BB5A-F6A6-4885-BD6C-530C467D4DDE}.Release|Any CPU.Build.0 = Release|Any CPU
		{6066BB5A-F6A6-4885-BD6C-530C467D4DDE}.Release|x64.ActiveCfg = Release|Any CPU
		{6066BB5A-F6A6-4885-BD6C-530C467D4DDE}.Release|x64.Build.0 = Release|Any CPU
		{6066BB5A-F6A6-4885-BD6C-530C467D4DDE}.Release|x86.ActiveCfg = Release|Any CPU
		{6066BB5A-F6A6-4885-BD6C-530C467D4DDE}.Release|x86.Build.0 = Release|Any CPU
		{00DDAD89-3076-48C5-94B0-E19DB5B844A0}.Debug|Any CPU.ActiveCfg = Debug|Any CPU
		{00DDAD89-3076-48C5-94B0-E19DB5B844A0}.Debug|Any CPU.Build.0 = Debug|Any CPU
		{00DDAD89-3076-48C5-94B0-E19DB5B844A0}.Debug|x64.ActiveCfg = Debug|Any CPU
		{00DDAD89-3076-48C5-94B0-E19DB5B844A0}.Debug|x64.Build.0 = Debug|Any CPU
		{00DDAD89-3076-48C5-94B0-E19DB5B844A0}.Debug|x86.ActiveCfg = Debug|Any CPU
		{00DDAD89-3076-48C5-94B0-E19DB5B844A0}.Debug|x86.Build.0 = Debug|Any CPU
		{00DDAD89-3076-48C5-94B0-E19DB5B844A0}.Release|Any CPU.ActiveCfg = Release|Any CPU
		{00DDAD89-3076-48C5-94B0-E19DB5B844A0}.Release|Any CPU.Build.0 = Release|Any CPU
		{00DDAD89-3076-48C5-94B0-E19DB5B844A0}.Release|x64.ActiveCfg = Release|Any CPU
		{00DDAD89-3076-48C5-94B0-E19DB5B844A0}.Release|x64.Build.0 = Release|Any CPU
		{00DDAD89-3076-48C5-94B0-E19DB5B844A0}.Release|x86.ActiveCfg = Release|Any CPU
		{00DDAD89-3076-48C5-94B0-E19DB5B844A0}.Release|x86.Build.0 = Release|Any CPU
	EndGlobalSection
	GlobalSection(SolutionProperties) = preSolution
		HideSolutionNode = FALSE
	EndGlobalSection
	GlobalSection(ExtensibilityGlobals) = postSolution
		SolutionGuid = {3AF9B442-F3F9-4499-8B4B-76D9DB7C9583}
	EndGlobalSection
EndGlobal
